
Microsoft Visual Studio Solution File, Format Version 12.00
# Visual Studio Version 17
VisualStudioVersion = 17.3.32825.248
MinimumVisualStudioVersion = 10.0.40219.1
Project("{9A19103F-16F7-4668-BE54-9A1E7A4F7556}") = "Task_1", "Task_1\Task_1.csproj", "{66C462A8-F8D9-40E1-89BB-1C0A6BB3BAFB}"
EndProject
Project("{9A19103F-16F7-4668-BE54-9A1E7A4F7556}") = "Task_2", "Task_2\Task_2.csproj", "{A8323609-4D5E-44B6-94DB-19B3974937F8}"
EndProject
Project("{9A19103F-16F7-4668-BE54-9A1E7A4F7556}") = "Task_3", "Task_3\Task_3.csproj", "{64412E70-F13D-4A81-A5F0-C99BEFB12158}"
EndProject
Project("{FAE04EC0-301F-11D3-BF4B-00C04F79EFBC}") = "Additional_Task", "Additional_Task\Additional_Task.csproj", "{A9169FFF-02A7-4CCD-8642-FB612B8AC376}"
EndProject
Global
	GlobalSection(SolutionConfigurationPlatforms) = preSolution
		Debug|Any CPU = Debug|Any CPU
		Release|Any CPU = Release|Any CPU
	EndGlobalSection
	GlobalSection(ProjectConfigurationPlatforms) = postSolution
		{66C462A8-F8D9-40E1-89BB-1C0A6BB3BAFB}.Debug|Any CPU.ActiveCfg = Debug|Any CPU
		{66C462A8-F8D9-40E1-89BB-1C0A6BB3BAFB}.Debug|Any CPU.Build.0 = Debug|Any CPU
		{66C462A8-F8D9-40E1-89BB-1C0A6BB3BAFB}.Release|Any CPU.ActiveCfg = Release|Any CPU
		{66C462A8-F8D9-40E1-89BB-1C0A6BB3BAFB}.Release|Any CPU.Build.0 = Release|Any CPU
		{A8323609-4D5E-44B6-94DB-19B3974937F8}.Debug|Any CPU.ActiveCfg = Debug|Any CPU
		{A8323609-4D5E-44B6-94DB-19B3974937F8}.Debug|Any CPU.Build.0 = Debug|Any CPU
		{A8323609-4D5E-44B6-94DB-19B3974937F8}.Release|Any CPU.ActiveCfg = Release|Any CPU
		{A8323609-4D5E-44B6-94DB-19B3974937F8}.Release|Any CPU.Build.0 = Release|Any CPU
		{64412E70-F13D-4A81-A5F0-C99BEFB12158}.Debug|Any CPU.ActiveCfg = Debug|Any CPU
		{64412E70-F13D-4A81-A5F0-C99BEFB12158}.Debug|Any CPU.Build.0 = Debug|Any CPU
		{64412E70-F13D-4A81-A5F0-C99BEFB12158}.Release|Any CPU.ActiveCfg = Release|Any CPU
		{64412E70-F13D-4A81-A5F0-C99BEFB12158}.Release|Any CPU.Build.0 = Release|Any CPU
		{A9169FFF-02A7-4CCD-8642-FB612B8AC376}.Debug|Any CPU.ActiveCfg = Debug|Any CPU
		{A9169FFF-02A7-4CCD-8642-FB612B8AC376}.Debug|Any CPU.Build.0 = Debug|Any CPU
		{A9169FFF-02A7-4CCD-8642-FB612B8AC376}.Release|Any CPU.ActiveCfg = Release|Any CPU
		{A9169FFF-02A7-4CCD-8642-FB612B8AC376}.Release|Any CPU.Build.0 = Release|Any CPU
	EndGlobalSection
	GlobalSection(SolutionProperties) = preSolution
		HideSolutionNode = FALSE
	EndGlobalSection
	GlobalSection(ExtensibilityGlobals) = postSolution
		SolutionGuid = {6253F457-C4D1-4703-85AA-A5AC36AE35C3}
	EndGlobalSection
EndGlobal
